{"filter":false,"title":"Gemfile.lock","tooltip":"~/depot/Gemfile.lock","undoManager":{"stack":[],"mark":-1,"position":-1},"ace":{"folds":[],"scrolltop":0,"scrollleft":0,"selection":{"start":{"row":0,"column":0},"end":{"row":0,"column":0},"isBackwards":false},"options":{"guessTabSize":true,"useWrapMode":false,"wrapToView":true},"firstLineState":0},"timestamp":1430909529219,"hash":"ceb5e55b8071ad725b19964b284e4c57e7bc5522"}